<Solution>
  <Folder Name="/src/">
    <Project Path="src/NexusPdf.App.Desktop/NexusPdf.App.Desktop.csproj" />
    <Project Path="src/NexusPdf.Application/NexusPdf.Application.csproj" />
    <Project Path="src/NexusPdf.Domain/NexusPdf.Domain.csproj" />
    <Project Path="src/NexusPdf.Infrastructure/NexusPdf.Infrastructure.csproj" />
    <Project Path="src/NexusPdf.Ocr.Tesseract/NexusPdf.Ocr.Tesseract.csproj" />
    <Project Path="src/NexusPdf.Ocr/NexusPdf.Ocr.csproj" />
    <Project Path="src/NexusPdf.Pdf.Abstractions/NexusPdf.Pdf.Abstractions.csproj" />
    <Project Path="src/NexusPdf.Pdf.Pdfium/NexusPdf.Pdf.Pdfium.csproj" />
    <Project Path="src/NexusPdf.Pdf.Qpdf/NexusPdf.Pdf.Qpdf.csproj" />
    <Project Path="src/NexusPdf.PdfWorker/NexusPdf.PdfWorker.csproj" />
  </Folder>
  <Folder Name="/tests/">
    <Project Path="tests/NexusPdf.PdfEngineTests/NexusPdf.PdfEngineTests.csproj" />
    <Project Path="tests/NexusPdf.UnitTests/NexusPdf.UnitTests.csproj" />
  </Folder>
</Solution>
